
Microsoft Visual Studio Solution File, Format Version 12.00
Project("{FAE04EC0-301F-11D3-BF4B-00C04F79EFBC}") = "demo", "demo\demo.csproj", "{063A832C-2154-4E81-9193-9D25A7ACA7C2}"
EndProject
Project("{2150E333-8FDC-42A3-9474-1A3956D46DE8}") = "demo-communication-api", "demo-communication-api", "{633A132B-A0AE-42F4-805A-EB965A21728C}"
EndProject
Project("{FAE04EC0-301F-11D3-BF4B-00C04F79EFBC}") = "api1", "api1\api1.csproj", "{EFB9B60B-AE60-4431-A7D3-56249ED5A8F5}"
EndProject
Project("{FAE04EC0-301F-11D3-BF4B-00C04F79EFBC}") = "api2", "api2\api2.csproj", "{1D6DB5F2-647F-4D14-BD3E-C5EB876BEF7F}"
EndProject
Project("{2150E333-8FDC-42A3-9474-1A3956D46DE8}") = "correction-tp-1", "correction-tp-1", "{0CD32D64-FA9E-4D0F-A1B9-60E6F479D5D4}"
EndProject
Global
	GlobalSection(SolutionConfigurationPlatforms) = preSolution
		Debug|Any CPU = Debug|Any CPU
		Release|Any CPU = Release|Any CPU
	EndGlobalSection
	GlobalSection(ProjectConfigurationPlatforms) = postSolution
		{063A832C-2154-4E81-9193-9D25A7ACA7C2}.Debug|Any CPU.ActiveCfg = Debug|Any CPU
		{063A832C-2154-4E81-9193-9D25A7ACA7C2}.Debug|Any CPU.Build.0 = Debug|Any CPU
		{063A832C-2154-4E81-9193-9D25A7ACA7C2}.Release|Any CPU.ActiveCfg = Release|Any CPU
		{063A832C-2154-4E81-9193-9D25A7ACA7C2}.Release|Any CPU.Build.0 = Release|Any CPU
		{EFB9B60B-AE60-4431-A7D3-56249ED5A8F5}.Debug|Any CPU.ActiveCfg = Debug|Any CPU
		{EFB9B60B-AE60-4431-A7D3-56249ED5A8F5}.Debug|Any CPU.Build.0 = Debug|Any CPU
		{EFB9B60B-AE60-4431-A7D3-56249ED5A8F5}.Release|Any CPU.ActiveCfg = Release|Any CPU
		{EFB9B60B-AE60-4431-A7D3-56249ED5A8F5}.Release|Any CPU.Build.0 = Release|Any CPU
		{1D6DB5F2-647F-4D14-BD3E-C5EB876BEF7F}.Debug|Any CPU.ActiveCfg = Debug|Any CPU
		{1D6DB5F2-647F-4D14-BD3E-C5EB876BEF7F}.Debug|Any CPU.Build.0 = Debug|Any CPU
		{1D6DB5F2-647F-4D14-BD3E-C5EB876BEF7F}.Release|Any CPU.ActiveCfg = Release|Any CPU
		{1D6DB5F2-647F-4D14-BD3E-C5EB876BEF7F}.Release|Any CPU.Build.0 = Release|Any CPU
	EndGlobalSection
	GlobalSection(NestedProjects) = preSolution
		{EFB9B60B-AE60-4431-A7D3-56249ED5A8F5} = {633A132B-A0AE-42F4-805A-EB965A21728C}
		{1D6DB5F2-647F-4D14-BD3E-C5EB876BEF7F} = {633A132B-A0AE-42F4-805A-EB965A21728C}
	EndGlobalSection
EndGlobal
